
Microsoft Visual Studio Solution File, Format Version 12.00
# Visual Studio Version 17
VisualStudioVersion = 17.8.34309.116
MinimumVisualStudioVersion = 10.0.40219.1
Project("{9A19103F-16F7-4668-BE54-9A1E7A4F7556}") = "LemonManager", "LemonManager\LemonManager.csproj", "{8844EA12-C148-4FB2-BB8F-04666671EF8B}"
EndProject
Project("{9A19103F-16F7-4668-BE54-9A1E7A4F7556}") = "LemonManager.ModManager", "LemonManager.ModManager\LemonManager.ModManager.csproj", "{53FCD2F1-119B-4173-AECA-C059C8BA69FC}"
EndProject
Global
	GlobalSection(SolutionConfigurationPlatforms) = preSolution
		Debug|Any CPU = Debug|Any CPU
		Release|Any CPU = Release|Any CPU
	EndGlobalSection
	GlobalSection(ProjectConfigurationPlatforms) = postSolution
		{8844EA12-C148-4FB2-BB8F-04666671EF8B}.Debug|Any CPU.ActiveCfg = Debug|Any CPU
		{8844EA12-C148-4FB2-BB8F-04666671EF8B}.Debug|Any CPU.Build.0 = Debug|Any CPU
		{8844EA12-C148-4FB2-BB8F-04666671EF8B}.Release|Any CPU.ActiveCfg = Release|Any CPU
		{8844EA12-C148-4FB2-BB8F-04666671EF8B}.Release|Any CPU.Build.0 = Release|Any CPU
		{53FCD2F1-119B-4173-AECA-C059C8BA69FC}.Debug|Any CPU.ActiveCfg = Debug|Any CPU
		{53FCD2F1-119B-4173-AECA-C059C8BA69FC}.Debug|Any CPU.Build.0 = Debug|Any CPU
		{53FCD2F1-119B-4173-AECA-C059C8BA69FC}.Release|Any CPU.ActiveCfg = Release|Any CPU
		{53FCD2F1-119B-4173-AECA-C059C8BA69FC}.Release|Any CPU.Build.0 = Release|Any CPU
	EndGlobalSection
	GlobalSection(SolutionProperties) = preSolution
		HideSolutionNode = FALSE
	EndGlobalSection
	GlobalSection(ExtensibilityGlobals) = postSolution
		SolutionGuid = {A4086947-14E4-4552-93E9-6403291FA5BA}
	EndGlobalSection
EndGlobal
